{
    "_readme": [
        "This file locks the dependencies of your project to a known state",
        "Read more about it at https://getcomposer.org/doc/01-basic-usage.md#composer-lock-the-lock-file",
        "This file is @generated automatically"
    ],
    "content-hash": "16a2aed5d58589c937316b07035e0b31",
    "packages": [
        {
            "name": "thepixeldeveloper/sitemap",
            "version": "4.5.2",
            "source": {
                "type": "git",
                "url": "https://github.com/ThePixelDeveloper/Sitemap.git",
                "reference": "cde221cbd76035328dbcd35caaf000ad9f7d8174"
            },
            "dist": {
                "type": "zip",
                "url": "https://api.github.com/repos/ThePixelDeveloper/Sitemap/zipball/cde221cbd76035328dbcd35caaf000ad9f7d8174",
                "reference": "cde221cbd76035328dbcd35caaf000ad9f7d8174",
                "shasum": ""
            },
            "require": {
                "php": ">=5.6.0"
            },
            "require-dev": {
                "phpspec/phpspec": "^2.4"
            },
            "type": "library",
            "autoload": {
                "psr-4": {
                    "Thepixeldeveloper\\Sitemap\\": "src/"
                }
            },
            "notification-url": "https://packagist.org/downloads/",
            "license": [
                "MIT"
            ],
            "authors": [
                {
                    "name": "Mathew Davies",
                    "email": "thepixeldeveloper@googlemail.com",
                    "homepage": "http://mathew-davies.co.uk",
                    "role": "Developer"
                }
            ],
            "description": "XML sitemap generation",
            "keywords": [
                "Sitemap",
                "xml"
            ],
            "time": "2017-07-26T13:35:41+00:00"
        }
    ],
    "packages-dev": [],
    "aliases": [],
    "minimum-stability": "stable",
    "stability-flags": [],
    "prefer-stable": false,
    "prefer-lowest": false,
    "platform": [],
    "platform-dev": []
}
